
Microsoft Visual Studio Solution File, Format Version 12.00
Project("{FAE04EC0-301F-11D3-BF4B-00C04F79EFBC}") = "SpellBookGenerator", "SpellBookGenerator\SpellBookGenerator.csproj", "{A325EFF8-2F9E-486B-9B0F-164F296CA405}"
EndProject
Project("{FAE04EC0-301F-11D3-BF4B-00C04F79EFBC}") = "Shared", "Shared\Shared.csproj", "{3D5B1549-D4D8-44E7-A215-5CAEF72F3D51}"
EndProject
Project("{FAE04EC0-301F-11D3-BF4B-00C04F79EFBC}") = "SpellDataConverter", "SpellDataConverter\SpellDataConverter.csproj", "{C067322E-4D16-4AA4-8B36-A5AE5B38148E}"
EndProject
Project("{FAE04EC0-301F-11D3-BF4B-00C04F79EFBC}") = "SpellBookGenerator.Tests", "SpellBookGenerator.Tests\SpellBookGenerator.Tests.csproj", "{452E1D79-BB46-4AB1-9A23-40F47AB9F5A7}"
EndProject
Global
	GlobalSection(SolutionConfigurationPlatforms) = preSolution
		Debug|Any CPU = Debug|Any CPU
		Release|Any CPU = Release|Any CPU
	EndGlobalSection
	GlobalSection(ProjectConfigurationPlatforms) = postSolution
		{A325EFF8-2F9E-486B-9B0F-164F296CA405}.Debug|Any CPU.ActiveCfg = Debug|Any CPU
		{A325EFF8-2F9E-486B-9B0F-164F296CA405}.Debug|Any CPU.Build.0 = Debug|Any CPU
		{A325EFF8-2F9E-486B-9B0F-164F296CA405}.Release|Any CPU.ActiveCfg = Release|Any CPU
		{A325EFF8-2F9E-486B-9B0F-164F296CA405}.Release|Any CPU.Build.0 = Release|Any CPU
		{3D5B1549-D4D8-44E7-A215-5CAEF72F3D51}.Debug|Any CPU.ActiveCfg = Debug|Any CPU
		{3D5B1549-D4D8-44E7-A215-5CAEF72F3D51}.Debug|Any CPU.Build.0 = Debug|Any CPU
		{3D5B1549-D4D8-44E7-A215-5CAEF72F3D51}.Release|Any CPU.ActiveCfg = Release|Any CPU
		{3D5B1549-D4D8-44E7-A215-5CAEF72F3D51}.Release|Any CPU.Build.0 = Release|Any CPU
		{C067322E-4D16-4AA4-8B36-A5AE5B38148E}.Debug|Any CPU.ActiveCfg = Debug|Any CPU
		{C067322E-4D16-4AA4-8B36-A5AE5B38148E}.Debug|Any CPU.Build.0 = Debug|Any CPU
		{C067322E-4D16-4AA4-8B36-A5AE5B38148E}.Release|Any CPU.ActiveCfg = Release|Any CPU
		{C067322E-4D16-4AA4-8B36-A5AE5B38148E}.Release|Any CPU.Build.0 = Release|Any CPU
		{452E1D79-BB46-4AB1-9A23-40F47AB9F5A7}.Debug|Any CPU.ActiveCfg = Debug|Any CPU
		{452E1D79-BB46-4AB1-9A23-40F47AB9F5A7}.Debug|Any CPU.Build.0 = Debug|Any CPU
		{452E1D79-BB46-4AB1-9A23-40F47AB9F5A7}.Release|Any CPU.ActiveCfg = Release|Any CPU
		{452E1D79-BB46-4AB1-9A23-40F47AB9F5A7}.Release|Any CPU.Build.0 = Release|Any CPU
	EndGlobalSection
EndGlobal
